
Microsoft Visual Studio Solution File, Format Version 12.00
Project("{FAE04EC0-301F-11D3-BF4B-00C04F79EFBC}") = "Nowy.UI.Bootstrap", "Nowy.UI.Bootstrap\Nowy.UI.Bootstrap.csproj", "{BC56EB23-285E-4CFF-A79B-5C53CFCD73DE}"
EndProject
Project("{9A19103F-16F7-4668-BE54-9A1E7A4F7556}") = "_build", "..\nukebuild\_build.csproj", "{DB8011E1-5ED3-42B7-8A92-A239C6FC0D9F}"
EndProject
Project("{FAE04EC0-301F-11D3-BF4B-00C04F79EFBC}") = "Nowy.UI.Grid", "Nowy.UI.Grid\Nowy.UI.Grid.csproj", "{C92E5B35-591E-4918-B71D-7203456A3362}"
EndProject
Project("{FAE04EC0-301F-11D3-BF4B-00C04F79EFBC}") = "Nowy.UI.Common", "Nowy.UI.Common\Nowy.UI.Common.csproj", "{4128ECBB-EB40-41EE-8175-7507B83254DA}"
EndProject
Project("{FAE04EC0-301F-11D3-BF4B-00C04F79EFBC}") = "Nowy.UI.Layout", "Nowy.UI.Layout\Nowy.UI.Layout.csproj", "{E3D73506-0AC1-42D8-A134-3998EBD640CD}"
EndProject
Project("{FAE04EC0-301F-11D3-BF4B-00C04F79EFBC}") = "Nowy.UI.Maps", "Nowy.UI.Maps\Nowy.UI.Maps.csproj", "{11A0E31C-E735-4C2D-BFBC-B113291AF65A}"
EndProject
Project("{FAE04EC0-301F-11D3-BF4B-00C04F79EFBC}") = "Nowy.UI.Server", "Nowy.UI.Server\Nowy.UI.Server.csproj", "{F1A5522D-7CA5-4BC8-A2AC-B832552C0927}"
EndProject
Project("{FAE04EC0-301F-11D3-BF4B-00C04F79EFBC}") = "Nowy.UI.ClientWasm", "Nowy.UI.ClientWasm\Nowy.UI.ClientWasm.csproj", "{69A034FF-537C-45CC-B171-FA35B90C872F}"
EndProject
Global
	GlobalSection(SolutionConfigurationPlatforms) = preSolution
		Debug|Any CPU = Debug|Any CPU
		Release|Any CPU = Release|Any CPU
	EndGlobalSection
	GlobalSection(ProjectConfigurationPlatforms) = postSolution
		{DB8011E1-5ED3-42B7-8A92-A239C6FC0D9F}.Debug|Any CPU.ActiveCfg = Debug|Any CPU
		{DB8011E1-5ED3-42B7-8A92-A239C6FC0D9F}.Release|Any CPU.ActiveCfg = Release|Any CPU
		{BC56EB23-285E-4CFF-A79B-5C53CFCD73DE}.Debug|Any CPU.ActiveCfg = Debug|Any CPU
		{BC56EB23-285E-4CFF-A79B-5C53CFCD73DE}.Debug|Any CPU.Build.0 = Debug|Any CPU
		{BC56EB23-285E-4CFF-A79B-5C53CFCD73DE}.Release|Any CPU.ActiveCfg = Release|Any CPU
		{BC56EB23-285E-4CFF-A79B-5C53CFCD73DE}.Release|Any CPU.Build.0 = Release|Any CPU
		{C92E5B35-591E-4918-B71D-7203456A3362}.Debug|Any CPU.ActiveCfg = Debug|Any CPU
		{C92E5B35-591E-4918-B71D-7203456A3362}.Debug|Any CPU.Build.0 = Debug|Any CPU
		{C92E5B35-591E-4918-B71D-7203456A3362}.Release|Any CPU.ActiveCfg = Release|Any CPU
		{C92E5B35-591E-4918-B71D-7203456A3362}.Release|Any CPU.Build.0 = Release|Any CPU
		{4128ECBB-EB40-41EE-8175-7507B83254DA}.Debug|Any CPU.ActiveCfg = Debug|Any CPU
		{4128ECBB-EB40-41EE-8175-7507B83254DA}.Debug|Any CPU.Build.0 = Debug|Any CPU
		{4128ECBB-EB40-41EE-8175-7507B83254DA}.Release|Any CPU.ActiveCfg = Release|Any CPU
		{4128ECBB-EB40-41EE-8175-7507B83254DA}.Release|Any CPU.Build.0 = Release|Any CPU
		{E3D73506-0AC1-42D8-A134-3998EBD640CD}.Debug|Any CPU.ActiveCfg = Debug|Any CPU
		{E3D73506-0AC1-42D8-A134-3998EBD640CD}.Debug|Any CPU.Build.0 = Debug|Any CPU
		{E3D73506-0AC1-42D8-A134-3998EBD640CD}.Release|Any CPU.ActiveCfg = Release|Any CPU
		{E3D73506-0AC1-42D8-A134-3998EBD640CD}.Release|Any CPU.Build.0 = Release|Any CPU
		{11A0E31C-E735-4C2D-BFBC-B113291AF65A}.Debug|Any CPU.ActiveCfg = Debug|Any CPU
		{11A0E31C-E735-4C2D-BFBC-B113291AF65A}.Debug|Any CPU.Build.0 = Debug|Any CPU
		{11A0E31C-E735-4C2D-BFBC-B113291AF65A}.Release|Any CPU.ActiveCfg = Release|Any CPU
		{11A0E31C-E735-4C2D-BFBC-B113291AF65A}.Release|Any CPU.Build.0 = Release|Any CPU
		{F1A5522D-7CA5-4BC8-A2AC-B832552C0927}.Debug|Any CPU.ActiveCfg = Debug|Any CPU
		{F1A5522D-7CA5-4BC8-A2AC-B832552C0927}.Debug|Any CPU.Build.0 = Debug|Any CPU
		{F1A5522D-7CA5-4BC8-A2AC-B832552C0927}.Release|Any CPU.ActiveCfg = Release|Any CPU
		{F1A5522D-7CA5-4BC8-A2AC-B832552C0927}.Release|Any CPU.Build.0 = Release|Any CPU
		{69A034FF-537C-45CC-B171-FA35B90C872F}.Debug|Any CPU.ActiveCfg = Debug|Any CPU
		{69A034FF-537C-45CC-B171-FA35B90C872F}.Debug|Any CPU.Build.0 = Debug|Any CPU
		{69A034FF-537C-45CC-B171-FA35B90C872F}.Release|Any CPU.ActiveCfg = Release|Any CPU
		{69A034FF-537C-45CC-B171-FA35B90C872F}.Release|Any CPU.Build.0 = Release|Any CPU
	EndGlobalSection
EndGlobal
