
Microsoft Visual Studio Solution File, Format Version 12.00
Project("{FAE04EC0-301F-11D3-BF4B-00C04F79EFBC}") = "Nowy.UI.Bootstrap", "Nowy.UI.Bootstrap\Nowy.UI.Bootstrap.csproj", "{BC56EB23-285E-4CFF-A79B-5C53CFCD73DE}"
EndProject
Project("{9A19103F-16F7-4668-BE54-9A1E7A4F7556}") = "_build", "..\nukebuild\_build.csproj", "{DB8011E1-5ED3-42B7-8A92-A239C6FC0D9F}"
EndProject
Project("{FAE04EC0-301F-11D3-BF4B-00C04F79EFBC}") = "Nowy.UI.Layout", "Nowy.UI.Layout\Nowy.UI.Layout.csproj", "{13C502C0-DAA3-4AE2-8E3D-5587B9A90EAF}"
EndProject
Project("{FAE04EC0-301F-11D3-BF4B-00C04F79EFBC}") = "Nowy.UI.Grid", "Nowy.UI.Grid\Nowy.UI.Grid.csproj", "{C92E5B35-591E-4918-B71D-7203456A3362}"
EndProject
Global
	GlobalSection(SolutionConfigurationPlatforms) = preSolution
		Debug|Any CPU = Debug|Any CPU
		Release|Any CPU = Release|Any CPU
	EndGlobalSection
	GlobalSection(ProjectConfigurationPlatforms) = postSolution
		{DB8011E1-5ED3-42B7-8A92-A239C6FC0D9F}.Debug|Any CPU.ActiveCfg = Debug|Any CPU
		{DB8011E1-5ED3-42B7-8A92-A239C6FC0D9F}.Release|Any CPU.ActiveCfg = Release|Any CPU
		{BC56EB23-285E-4CFF-A79B-5C53CFCD73DE}.Debug|Any CPU.ActiveCfg = Debug|Any CPU
		{BC56EB23-285E-4CFF-A79B-5C53CFCD73DE}.Debug|Any CPU.Build.0 = Debug|Any CPU
		{BC56EB23-285E-4CFF-A79B-5C53CFCD73DE}.Release|Any CPU.ActiveCfg = Release|Any CPU
		{BC56EB23-285E-4CFF-A79B-5C53CFCD73DE}.Release|Any CPU.Build.0 = Release|Any CPU
		{13C502C0-DAA3-4AE2-8E3D-5587B9A90EAF}.Debug|Any CPU.ActiveCfg = Debug|Any CPU
		{13C502C0-DAA3-4AE2-8E3D-5587B9A90EAF}.Debug|Any CPU.Build.0 = Debug|Any CPU
		{13C502C0-DAA3-4AE2-8E3D-5587B9A90EAF}.Release|Any CPU.ActiveCfg = Release|Any CPU
		{13C502C0-DAA3-4AE2-8E3D-5587B9A90EAF}.Release|Any CPU.Build.0 = Release|Any CPU
		{C92E5B35-591E-4918-B71D-7203456A3362}.Debug|Any CPU.ActiveCfg = Debug|Any CPU
		{C92E5B35-591E-4918-B71D-7203456A3362}.Debug|Any CPU.Build.0 = Debug|Any CPU
		{C92E5B35-591E-4918-B71D-7203456A3362}.Release|Any CPU.ActiveCfg = Release|Any CPU
		{C92E5B35-591E-4918-B71D-7203456A3362}.Release|Any CPU.Build.0 = Release|Any CPU
	EndGlobalSection
EndGlobal
